// !$*UTF8*$!
{
	archiveVersion = 1;
	classes = {
	};
	objectVersion = 50;
	objects = {

/* Begin PBXBuildFile section */
		F5C0BAC623D5116A0022CB2E /* AppDelegate.swift in Sources */ = {isa = PBXBuildFile; fileRef = F5C0BAC523D5116A0022CB2E /* AppDelegate.swift */; };
		F5C0BAC923D5116A0022CB2E /* Task_Organizer.xcdatamodeld in Sources */ = {isa = PBXBuildFile; fileRef = F5C0BAC723D5116A0022CB2E /* Task_Organizer.xcdatamodeld */; };
		F5C0BACB23D5116A0022CB2E /* SceneDelegate.swift in Sources */ = {isa = PBXBuildFile; fileRef = F5C0BACA23D5116A0022CB2E /* SceneDelegate.swift */; };
		F5C0BACD23D5116A0022CB2E /* MasterViewController.swift in Sources */ = {isa = PBXBuildFile; fileRef = F5C0BACC23D5116A0022CB2E /* MasterViewController.swift */; };
		F5C0BACF23D5116A0022CB2E /* DetailViewController.swift in Sources */ = {isa = PBXBuildFile; fileRef = F5C0BACE23D5116A0022CB2E /* DetailViewController.swift */; };
		F5C0BAD223D5116A0022CB2E /* Main.storyboard in Resources */ = {isa = PBXBuildFile; fileRef = F5C0BAD023D5116A0022CB2E /* Main.storyboard */; };
		F5C0BAD423D5116F0022CB2E /* Assets.xcassets in Resources */ = {isa = PBXBuildFile; fileRef = F5C0BAD323D5116F0022CB2E /* Assets.xcassets */; };
		F5C0BAD723D5116F0022CB2E /* LaunchScreen.storyboard in Resources */ = {isa = PBXBuildFile; fileRef = F5C0BAD523D5116F0022CB2E /* LaunchScreen.storyboard */; };
/* End PBXBuildFile section */

/* Begin PBXFileReference section */
		F5C0BAC223D5116A0022CB2E /* Task Organizer.app */ = {isa = PBXFileReference; explicitFileType = wrapper.application; includeInIndex = 0; path = "Task Organizer.app"; sourceTree = BUILT_PRODUCTS_DIR; };
		F5C0BAC523D5116A0022CB2E /* AppDelegate.swift */ = {isa = PBXFileReference; lastKnownFileType = sourcecode.swift; path = AppDelegate.swift; sourceTree = "<group>"; };
		F5C0BAC823D5116A0022CB2E /* Task_Organizer.xcdatamodel */ = {isa = PBXFileReference; lastKnownFileType = wrapper.xcdatamodel; path = Task_Organizer.xcdatamodel; sourceTree = "<group>"; };
		F5C0BACA23D5116A0022CB2E /* SceneDelegate.swift */ = {isa = PBXFileReference; lastKnownFileType = sourcecode.swift; path = SceneDelegate.swift; sourceTree = "<group>"; };
		F5C0BACC23D5116A0022CB2E /* MasterViewController.swift */ = {isa = PBXFileReference; lastKnownFileType = sourcecode.swift; path = MasterViewController.swift; sourceTree = "<group>"; };
		F5C0BACE23D5116A0022CB2E /* DetailViewController.swift */ = {isa = PBXFileReference; lastKnownFileType = sourcecode.swift; path = DetailViewController.swift; sourceTree = "<group>"; };
		F5C0BAD123D5116A0022CB2E /* Base */ = {isa = PBXFileReference; lastKnownFileType = file.storyboard; name = Base; path = Base.lproj/Main.storyboard; sourceTree = "<group>"; };
		F5C0BAD323D5116F0022CB2E /* Assets.xcassets */ = {isa = PBXFileReference; lastKnownFileType = folder.assetcatalog; path = Assets.xcassets; sourceTree = "<group>"; };
		F5C0BAD623D5116F0022CB2E /* Base */ = {isa = PBXFileReference; lastKnownFileType = file.storyboard; name = Base; path = Base.lproj/LaunchScreen.storyboard; sourceTree = "<group>"; };
		F5C0BAD823D5116F0022CB2E /* Info.plist */ = {isa = PBXFileReference; lastKnownFileType = text.plist.xml; path = Info.plist; sourceTree = "<group>"; };
/* End PBXFileReference section */

/* Begin PBXFrameworksBuildPhase section */
		F5C0BABF23D5116A0022CB2E /* Frameworks */ = {
			isa = PBXFrameworksBuildPhase;
			buildActionMask = 2147483647;
			files = (
			);
			runOnlyForDeploymentPostprocessing = 0;
		};
/* End PBXFrameworksBuildPhase section */

/* Begin PBXGroup section */
		F5C0BAB923D5116A0022CB2E = {
			isa = PBXGroup;
			children = (
				F5C0BAC423D5116A0022CB2E /* Task Organizer */,
				F5C0BAC323D5116A0022CB2E /* Products */,
			);
			sourceTree = "<group>";
		};
		F5C0BAC323D5116A0022CB2E /* Products */ = {
			isa = PBXGroup;
			children = (
				F5C0BAC223D5116A0022CB2E /* Task Organizer.app */,
			);
			name = Products;
			sourceTree = "<group>";
		};
		F5C0BAC423D5116A0022CB2E /* Task Organizer */ = {
			isa = PBXGroup;
			children = (
				F5C0BAC523D5116A0022CB2E /* AppDelegate.swift */,
				F5C0BACA23D5116A0022CB2E /* SceneDelegate.swift */,
				F5C0BACC23D5116A0022CB2E /* MasterViewController.swift */,
				F5C0BACE23D5116A0022CB2E /* DetailViewController.swift */,
				F5C0BAD023D5116A0022CB2E /* Main.storyboard */,
				F5C0BAD323D5116F0022CB2E /* Assets.xcassets */,
				F5C0BAD523D5116F0022CB2E /* LaunchScreen.storyboard */,
				F5C0BAD823D5116F0022CB2E /* Info.plist */,
				F5C0BAC723D5116A0022CB2E /* Task_Organizer.xcdatamodeld */,
			);
			path = "Task Organizer";
			sourceTree = "<group>";
		};
/* End PBXGroup section */

/* Begin PBXNativeTarget section */
		F5C0BAC123D5116A0022CB2E /* Task Organizer */ = {
			isa = PBXNativeTarget;
			buildConfigurationList = F5C0BADB23D5116F0022CB2E /* Build configuration list for PBXNativeTarget "Task Organizer" */;
			buildPhases = (
				F5C0BABE23D5116A0022CB2E /* Sources */,
				F5C0BABF23D5116A0022CB2E /* Frameworks */,
				F5C0BAC023D5116A0022CB2E /* Resources */,
			);
			buildRules = (
			);
			dependencies = (
			);
			name = "Task Organizer";
			productName = "Task Organizer";
			productReference = F5C0BAC223D5116A0022CB2E /* Task Organizer.app */;
			productType = "com.apple.product-type.application";
		};
/* End PBXNativeTarget section */

/* Begin PBXProject section */
		F5C0BABA23D5116A0022CB2E /* Project object */ = {
			isa = PBXProject;
			attributes = {
				LastSwiftUpdateCheck = 1130;
				LastUpgradeCheck = 1130;
				ORGANIZATIONNAME = otet_tud;
				TargetAttributes = {
					F5C0BAC123D5116A0022CB2E = {
						CreatedOnToolsVersion = 11.3;
					};
				};
			};
			buildConfigurationList = F5C0BABD23D5116A0022CB2E /* Build configuration list for PBXProject "Task Organizer" */;
			compatibilityVersion = "Xcode 9.3";
			developmentRegion = en;
			hasScannedForEncodings = 0;
			knownRegions = (
				en,
				Base,
			);
			mainGroup = F5C0BAB923D5116A0022CB2E;
			productRefGroup = F5C0BAC323D5116A0022CB2E /* Products */;
			projectDirPath = "";
			projectRoot = "";
			targets = (
				F5C0BAC123D5116A0022CB2E /* Task Organizer */,
			);
		};
/* End PBXProject section */

/* Begin PBXResourcesBuildPhase section */
		F5C0BAC023D5116A0022CB2E /* Resources */ = {
			isa = PBXResourcesBuildPhase;
			buildActionMask = 2147483647;
			files = (
				F5C0BAD723D5116F0022CB2E /* LaunchScreen.storyboard in Resources */,
				F5C0BAD423D5116F0022CB2E /* Assets.xcassets in Resources */,
				F5C0BAD223D5116A0022CB2E /* Main.storyboard in Resources */,
			);
			runOnlyForDeploymentPostprocessing = 0;
		};
/* End PBXResourcesBuildPhase section */

/* Begin PBXSourcesBuildPhase section */
		F5C0BABE23D5116A0022CB2E /* Sources */ = {
			isa = PBXSourcesBuildPhase;
			buildActionMask = 2147483647;
			files = (
				F5C0BACD23D5116A0022CB2E /* MasterViewController.swift in Sources */,
				F5C0BAC923D5116A0022CB2E /* Task_Organizer.xcdatamodeld in Sources */,
				F5C0BACF23D5116A0022CB2E /* DetailViewController.swift in Sources */,
				F5C0BAC623D5116A0022CB2E /* AppDelegate.swift in Sources */,
				F5C0BACB23D5116A0022CB2E /* SceneDelegate.swift in Sources */,
			);
			runOnlyForDeploymentPostprocessing = 0;
		};
/* End PBXSourcesBuildPhase section */

/* Begin PBXVariantGroup section */
		F5C0BAD023D5116A0022CB2E /* Main.storyboard */ = {
			isa = PBXVariantGroup;
			children = (
				F5C0BAD123D5116A0022CB2E /* Base */,
			);
			name = Main.storyboard;
			sourceTree = "<group>";
		};
		F5C0BAD523D5116F0022CB2E /* LaunchScreen.storyboard */ = {
			isa = PBXVariantGroup;
			children = (
				F5C0BAD623D5116F0022CB2E /* Base */,
			);
			name = LaunchScreen.storyboard;
			sourceTree = "<group>";
		};
/* End PBXVariantGroup section */

/* Begin XCBuildConfiguration section */
		F5C0BAD923D5116F0022CB2E /* Debug */ = {
			isa = XCBuildConfiguration;
			buildSettings = {
				ALWAYS_SEARCH_USER_PATHS = NO;
				CLANG_ANALYZER_NONNULL = YES;
				CLANG_ANALYZER_NUMBER_OBJECT_CONVERSION = YES_AGGRESSIVE;
				CLANG_CXX_LANGUAGE_STANDARD = "gnu++14";
				CLANG_CXX_LIBRARY = "libc++";
				CLANG_ENABLE_MODULES = YES;
				CLANG_ENABLE_OBJC_ARC = YES;
				CLANG_ENABLE_OBJC_WEAK = YES;
				CLANG_WARN_BLOCK_CAPTURE_AUTORELEASING = YES;
				CLANG_WARN_BOOL_CONVERSION = YES;
				CLANG_WARN_COMMA = YES;
				CLANG_WARN_CONSTANT_CONVERSION = YES;
				CLANG_WARN_DEPRECATED_OBJC_IMPLEMENTATIONS = YES;
				CLANG_WARN_DIRECT_OBJC_ISA_USAGE = YES_ERROR;
				CLANG_WARN_DOCUMENTATION_COMMENTS = YES;
				CLANG_WARN_EMPTY_BODY = YES;
				CLANG_WARN_ENUM_CONVERSION = YES;
				CLANG_WARN_INFINITE_RECURSION = YES;
				CLANG_WARN_INT_CONVERSION = YES;
				CLANG_WARN_NON_LITERAL_NULL_CONVERSION = YES;
				CLANG_WARN_OBJC_IMPLICIT_RETAIN_SELF = YES;
				CLANG_WARN_OBJC_LITERAL_CONVERSION = YES;
				CLANG_WARN_OBJC_ROOT_CLASS = YES_ERROR;
				CLANG_WARN_RANGE_LOOP_ANALYSIS = YES;
				CLANG_WARN_STRICT_PROTOTYPES = YES;
				CLANG_WARN_SUSPICIOUS_MOVE = YES;
				CLANG_WARN_UNGUARDED_AVAILABILITY = YES_AGGRESSIVE;
				CLANG_WARN_UNREACHABLE_CODE = YES;
				CLANG_WARN__DUPLICATE_METHOD_MATCH = YES;
				COPY_PHASE_STRIP = NO;
				DEBUG_INFORMATION_FORMAT = dwarf;
				ENABLE_STRICT_OBJC_MSGSEND = YES;
				ENABLE_TESTABILITY = YES;
				GCC_C_LANGUAGE_STANDARD = gnu11;
				GCC_DYNAMIC_NO_PIC = NO;
				GCC_NO_COMMON_BLOCKS = YES;
				GCC_OPTIMIZATION_LEVEL = 0;
				GCC_PREPROCESSOR_DEFINITIONS = (
					"DEBUG=1",
					"$(inherited)",
				);
				GCC_WARN_64_TO_32_BIT_CONVERSION = YES;
				GCC_WARN_ABOUT_RETURN_TYPE = YES_ERROR;
				GCC_WARN_UNDECLARED_SELECTOR = YES;
				GCC_WARN_UNINITIALIZED_AUTOS = YES_AGGRESSIVE;
				GCC_WARN_UNUSED_FUNCTION = YES;
				GCC_WARN_UNUSED_VARIABLE = YES;
				IPHONEOS_DEPLOYMENT_TARGET = 13.2;
				MTL_ENABLE_DEBUG_INFO = INCLUDE_SOURCE;
				MTL_FAST_MATH = YES;
				ONLY_ACTIVE_ARCH = YES;
				SDKROOT = iphoneos;
				SWIFT_ACTIVE_COMPILATION_CONDITIONS = DEBUG;
				SWIFT_OPTIMIZATION_LEVEL = "-Onone";
			};
			name = Debug;
		};
		F5C0BADA23D5116F0022CB2E /* Release */ = {
			isa = XCBuildConfiguration;
			buildSettings = {
				ALWAYS_SEARCH_USER_PATHS = NO;
				CLANG_ANALYZER_NONNULL = YES;
				CLANG_ANALYZER_NUMBER_OBJECT_CONVERSION = YES_AGGRESSIVE;
				CLANG_CXX_LANGUAGE_STANDARD = "gnu++14";
				CLANG_CXX_LIBRARY = "libc++";
				CLANG_ENABLE_MODULES = YES;
				CLANG_ENABLE_OBJC_ARC = YES;
				CLANG_ENABLE_OBJC_WEAK = YES;
				CLANG_WARN_BLOCK_CAPTURE_AUTORELEASING = YES;
				CLANG_WARN_BOOL_CONVERSION = YES;
				CLANG_WARN_COMMA = YES;
				CLANG_WARN_CONSTANT_CONVERSION = YES;
				CLANG_WARN_DEPRECATED_OBJC_IMPLEMENTATIONS = YES;
				CLANG_WARN_DIRECT_OBJC_ISA_USAGE = YES_ERROR;
				CLANG_WARN_DOCUMENTATION_COMMENTS = YES;
				CLANG_WARN_EMPTY_BODY = YES;
				CLANG_WARN_ENUM_CONVERSION = YES;
				CLANG_WARN_INFINITE_RECURSION = YES;
				CLANG_WARN_INT_CONVERSION = YES;
				CLANG_WARN_NON_LITERAL_NULL_CONVERSION = YES;
				CLANG_WARN_OBJC_IMPLICIT_RETAIN_SELF = YES;
				CLANG_WARN_OBJC_LITERAL_CONVERSION = YES;
				CLANG_WARN_OBJC_ROOT_CLASS = YES_ERROR;
				CLANG_WARN_RANGE_LOOP_ANALYSIS = YES;
				CLANG_WARN_STRICT_PROTOTYPES = YES;
				CLANG_WARN_SUSPICIOUS_MOVE = YES;
				CLANG_WARN_UNGUARDED_AVAILABILITY = YES_AGGRESSIVE;
				CLANG_WARN_UNREACHABLE_CODE = YES;
				CLANG_WARN__DUPLICATE_METHOD_MATCH = YES;
				COPY_PHASE_STRIP = NO;
				DEBUG_INFORMATION_FORMAT = "dwarf-with-dsym";
				ENABLE_NS_ASSERTIONS = NO;
				ENABLE_STRICT_OBJC_MSGSEND = YES;
				GCC_C_LANGUAGE_STANDARD = gnu11;
				GCC_NO_COMMON_BLOCKS = YES;
				GCC_WARN_64_TO_32_BIT_CONVERSION = YES;
				GCC_WARN_ABOUT_RETURN_TYPE = YES_ERROR;
				GCC_WARN_UNDECLARED_SELECTOR = YES;
				GCC_WARN_UNINITIALIZED_AUTOS = YES_AGGRESSIVE;
				GCC_WARN_UNUSED_FUNCTION = YES;
				GCC_WARN_UNUSED_VARIABLE = YES;
				IPHONEOS_DEPLOYMENT_TARGET = 13.2;
				MTL_ENABLE_DEBUG_INFO = NO;
				MTL_FAST_MATH = YES;
				SDKROOT = iphoneos;
				SWIFT_COMPILATION_MODE = wholemodule;
				SWIFT_OPTIMIZATION_LEVEL = "-O";
				VALIDATE_PRODUCT = YES;
			};
			name = Release;
		};
		F5C0BADC23D5116F0022CB2E /* Debug */ = {
			isa = XCBuildConfiguration;
			buildSettings = {
				ASSETCATALOG_COMPILER_APPICON_NAME = AppIcon;
				CODE_SIGN_STYLE = Automatic;
				DEVELOPMENT_TEAM = 2695693848;
				INFOPLIST_FILE = "Task Organizer/Info.plist";
				LD_RUNPATH_SEARCH_PATHS = (
					"$(inherited)",
					"@executable_path/Frameworks",
				);
				PRODUCT_BUNDLE_IDENTIFIER = "-114.Task-Organizer";
				PRODUCT_NAME = "$(TARGET_NAME)";
				SWIFT_VERSION = 5.0;
				TARGETED_DEVICE_FAMILY = "1,2";
			};
			name = Debug;
		};
		F5C0BADD23D5116F0022CB2E /* Release */ = {
			isa = XCBuildConfiguration;
			buildSettings = {
				ASSETCATALOG_COMPILER_APPICON_NAME = AppIcon;
				CODE_SIGN_STYLE = Automatic;
				DEVELOPMENT_TEAM = 2695693848;
				INFOPLIST_FILE = "Task Organizer/Info.plist";
				LD_RUNPATH_SEARCH_PATHS = (
					"$(inherited)",
					"@executable_path/Frameworks",
				);
				PRODUCT_BUNDLE_IDENTIFIER = "-114.Task-Organizer";
				PRODUCT_NAME = "$(TARGET_NAME)";
				SWIFT_VERSION = 5.0;
				TARGETED_DEVICE_FAMILY = "1,2";
			};
			name = Release;
		};
/* End XCBuildConfiguration section */

/* Begin XCConfigurationList section */
		F5C0BABD23D5116A0022CB2E /* Build configuration list for PBXProject "Task Organizer" */ = {
			isa = XCConfigurationList;
			buildConfigurations = (
				F5C0BAD923D5116F0022CB2E /* Debug */,
				F5C0BADA23D5116F0022CB2E /* Release */,
			);
			defaultConfigurationIsVisible = 0;
			defaultConfigurationName = Release;
		};
		F5C0BADB23D5116F0022CB2E /* Build configuration list for PBXNativeTarget "Task Organizer" */ = {
			isa = XCConfigurationList;
			buildConfigurations = (
				F5C0BADC23D5116F0022CB2E /* Debug */,
				F5C0BADD23D5116F0022CB2E /* Release */,
			);
			defaultConfigurationIsVisible = 0;
			defaultConfigurationName = Release;
		};
/* End XCConfigurationList section */

/* Begin XCVersionGroup section */
		F5C0BAC723D5116A0022CB2E /* Task_Organizer.xcdatamodeld */ = {
			isa = XCVersionGroup;
			children = (
				F5C0BAC823D5116A0022CB2E /* Task_Organizer.xcdatamodel */,
			);
			currentVersion = F5C0BAC823D5116A0022CB2E /* Task_Organizer.xcdatamodel */;
			path = Task_Organizer.xcdatamodeld;
			sourceTree = "<group>";
			versionGroupType = wrapper.xcdatamodel;
		};
/* End XCVersionGroup section */
	};
	rootObject = F5C0BABA23D5116A0022CB2E /* Project object */;
}
